
Microsoft Visual Studio Solution File, Format Version 12.00
# Visual Studio Version 16
VisualStudioVersion = 16.0.29509.3
MinimumVisualStudioVersion = 10.0.40219.1
Project("{FAE04EC0-301F-11D3-BF4B-00C04F79EFBC}") = "My-Garage", "My-Garage\My-Garage.csproj", "{C23B02EA-4F55-4D79-909E-64F06BE2A3B8}"
EndProject
Project("{54435603-DBB4-11D2-8724-00A0C9A8B90C}") = "MyGarageSetup", "MyGarageSetup\MyGarageSetup.vdproj", "{65B4D972-D1F2-45A3-846E-C683E224DFAD}"
EndProject
Global
	GlobalSection(SolutionConfigurationPlatforms) = preSolution
		All|Any CPU = All|Any CPU
		Debug|Any CPU = Debug|Any CPU
		Release|Any CPU = Release|Any CPU
	EndGlobalSection
	GlobalSection(ProjectConfigurationPlatforms) = postSolution
		{C23B02EA-4F55-4D79-909E-64F06BE2A3B8}.All|Any CPU.ActiveCfg = Release|Any CPU
		{C23B02EA-4F55-4D79-909E-64F06BE2A3B8}.All|Any CPU.Build.0 = Release|Any CPU
		{C23B02EA-4F55-4D79-909E-64F06BE2A3B8}.Debug|Any CPU.ActiveCfg = Debug|Any CPU
		{C23B02EA-4F55-4D79-909E-64F06BE2A3B8}.Debug|Any CPU.Build.0 = Debug|Any CPU
		{C23B02EA-4F55-4D79-909E-64F06BE2A3B8}.Release|Any CPU.ActiveCfg = Release|Any CPU
		{C23B02EA-4F55-4D79-909E-64F06BE2A3B8}.Release|Any CPU.Build.0 = Release|Any CPU
		{65B4D972-D1F2-45A3-846E-C683E224DFAD}.All|Any CPU.ActiveCfg = Release
		{65B4D972-D1F2-45A3-846E-C683E224DFAD}.Debug|Any CPU.ActiveCfg = Debug
		{65B4D972-D1F2-45A3-846E-C683E224DFAD}.Release|Any CPU.ActiveCfg = Release
	EndGlobalSection
	GlobalSection(SolutionProperties) = preSolution
		HideSolutionNode = FALSE
	EndGlobalSection
	GlobalSection(ExtensibilityGlobals) = postSolution
		SolutionGuid = {CC1D6312-C082-4E2A-81BF-7CF035FEFCBF}
	EndGlobalSection
EndGlobal
